
Microsoft Visual Studio Solution File, Format Version 12.00
# Visual Studio Version 17
VisualStudioVersion = 17.6.33829.357
MinimumVisualStudioVersion = 10.0.40219.1
Project("{FAE04EC0-301F-11D3-BF4B-00C04F79EFBC}") = "BillingEngineForIaaS", "BillingEngineForIaaS\BillingEngineForIaaS.csproj", "{ED6A5A74-E22B-43C5-AC25-502F5928EC0E}"
EndProject
Global
	GlobalSection(SolutionConfigurationPlatforms) = preSolution
		Debug|Any CPU = Debug|Any CPU
		Release|Any CPU = Release|Any CPU
	EndGlobalSection
	GlobalSection(ProjectConfigurationPlatforms) = postSolution
		{ED6A5A74-E22B-43C5-AC25-502F5928EC0E}.Debug|Any CPU.ActiveCfg = Debug|Any CPU
		{ED6A5A74-E22B-43C5-AC25-502F5928EC0E}.Debug|Any CPU.Build.0 = Debug|Any CPU
		{ED6A5A74-E22B-43C5-AC25-502F5928EC0E}.Release|Any CPU.ActiveCfg = Release|Any CPU
		{ED6A5A74-E22B-43C5-AC25-502F5928EC0E}.Release|Any CPU.Build.0 = Release|Any CPU
	EndGlobalSection
	GlobalSection(SolutionProperties) = preSolution
		HideSolutionNode = FALSE
	EndGlobalSection
	GlobalSection(ExtensibilityGlobals) = postSolution
		SolutionGuid = {749F79A0-427A-4778-B287-12A487C82A6E}
	EndGlobalSection
EndGlobal
