
Microsoft Visual Studio Solution File, Format Version 12.00
# Visual Studio Version 17
VisualStudioVersion = 17.6.33829.357
MinimumVisualStudioVersion = 10.0.40219.1
Project("{FAE04EC0-301F-11D3-BF4B-00C04F79EFBC}") = "Solution", "Solution\Solution.csproj", "{FA4DE863-132F-4522-9468-A9A398168970}"
EndProject
Global
	GlobalSection(SolutionConfigurationPlatforms) = preSolution
		Debug|Any CPU = Debug|Any CPU
		Release|Any CPU = Release|Any CPU
	EndGlobalSection
	GlobalSection(ProjectConfigurationPlatforms) = postSolution
		{FA4DE863-132F-4522-9468-A9A398168970}.Debug|Any CPU.ActiveCfg = Debug|Any CPU
		{FA4DE863-132F-4522-9468-A9A398168970}.Debug|Any CPU.Build.0 = Debug|Any CPU
		{FA4DE863-132F-4522-9468-A9A398168970}.Release|Any CPU.ActiveCfg = Release|Any CPU
		{FA4DE863-132F-4522-9468-A9A398168970}.Release|Any CPU.Build.0 = Release|Any CPU
	EndGlobalSection
	GlobalSection(SolutionProperties) = preSolution
		HideSolutionNode = FALSE
	EndGlobalSection
	GlobalSection(ExtensibilityGlobals) = postSolution
		SolutionGuid = {2B7517E1-A48E-400D-81B6-95E5BAEF5875}
	EndGlobalSection
EndGlobal
